post:
  tags:
    - Storage/Request queues/Requests locks
  summary: Unlock requests
  description: |
    Unlocks requests in the queue that are currently locked by the client.

    * If the client is within an Actor run, it unlocks all requests locked by that specific run plus all requests locked by the same clientKey.
    * If the client is outside of an Actor run, it unlocks all requests locked using the same clientKey.
  operationId: requestQueue_requests_unlock_post
  parameters:
    - $ref: "../../components/parameters/StorageParameters.yaml#/QueueId"
    - $ref: "../../components/parameters/StorageParameters.yaml#/ClientKey"
  responses:
    "200":
      description: Number of requests that were unlocked
      content:
        application/json:
          schema:
            $ref: ../../components/schemas/request-queues/UnlockRequestsResponse.yaml
    "400":
      $ref: ../../components/responses/BadRequest.yaml
    "404":
      description: Not found - the requested resource was not found.
      content:
        application/json:
          schema:
            $ref: "../../components/schemas/common/errors/StorageErrors.yaml#/RequestQueueNotFoundError"
  deprecated: false
  x-js-parent: RequestQueueClient
  x-js-name: unlockRequests
  x-js-doc-url: https://docs.apify.com/api/client/js/reference/class/RequestQueueClient#unlockRequests
  x-py-parent: RequestQueueClientAsync
  x-py-name: unlock_requests
  x-py-doc-url: https://docs.apify.com/api/client/python/reference/class/RequestQueueClientAsync#unlock_requests
