post:
  tags:
    - Storage/Request queues/Requests locks
  summary: Get head and lock
  description: |
    Returns the given number of first requests from the queue and locks them for
    the given time.

    If this endpoint locks the request, no other client or run will be able to get and
    lock these requests.

    The response contains the `hadMultipleClients` boolean field which indicates
    that the queue was accessed by more than one client (with unique or empty
    `clientKey`).
  operationId: requestQueue_head_lock_post
  parameters:
    - $ref: "../../components/parameters/storageParameters.yaml#/queueId"
    - $ref: "../../components/parameters/storageParameters.yaml#/lockSecs"
    - name: limit
      in: query
      description: How many items from the queue should be returned.
      style: form
      explode: true
      schema:
        type: number
        format: double
        example: 25
        maximum: 25
    - $ref: "../../components/parameters/storageParameters.yaml#/clientKey"
  responses:
    "200":
      description: ""
      headers: {}
      content:
        application/json:
          schema:
            $ref: ../../components/schemas/request-queues/HeadAndLockResponse.yaml
    "400":
      $ref: ../../components/responses/BadRequest.yaml
    "401":
      $ref: ../../components/responses/Unauthorized.yaml
    "403":
      $ref: ../../components/responses/Forbidden.yaml
    "404":
      description: Not found - the requested resource was not found.
      content:
        application/json:
          schema:
            $ref: "../../components/schemas/common/errors/StorageErrors.yaml#/RequestQueueNotFoundError"
    "405":
      $ref: ../../components/responses/MethodNotAllowed.yaml
    "429":
      $ref: ../../components/responses/TooManyRequests.yaml
  deprecated: false
  x-legacy-doc-urls:
    - https://docs.apify.com/api/v2#/reference/request-queues/queue-head-with-locks/get-head-and-lock
    - https://docs.apify.com/api/v2#/reference/request-queues/get-head-and-lock
    - https://docs.apify.com/api/v2#tag/Request-queuesQueue-head-with-locks/operation/requestQueue_head_lock_post
  x-js-parent: RequestQueueClient
  x-js-name: listAndLockHead
  x-js-doc-url: https://docs.apify.com/api/client/js/reference/class/RequestQueueClient#listAndLockHead
  x-py-parent: RequestQueueClientAsync
  x-py-name: list_and_lock_head
  x-py-doc-url: https://docs.apify.com/api/client/python/reference/class/RequestQueueClientAsync#list_and_lock_head
